
Microsoft Visual Studio Solution File, Format Version 12.00
# Visual Studio 15
VisualStudioVersion = 15.0.28307.1000
MinimumVisualStudioVersion = 10.0.40219.1
Project("{8BC9CEB8-8B4A-11D0-8D11-00A0C91BC942}") = "lianxi26", "lianxi26\lianxi26.vcxproj", "{EA9EA4FA-7C7E-4A4B-ADB0-00EB993A9911}"
EndProject
Global
	GlobalSection(SolutionConfigurationPlatforms) = preSolution
		Debug|x64 = Debug|x64
		Debug|x86 = Debug|x86
		Release|x64 = Release|x64
		Release|x86 = Release|x86
	EndGlobalSection
	GlobalSection(ProjectConfigurationPlatforms) = postSolution
		{EA9EA4FA-7C7E-4A4B-ADB0-00EB993A9911}.Debug|x64.ActiveCfg = Debug|x64
		{EA9EA4FA-7C7E-4A4B-ADB0-00EB993A9911}.Debug|x64.Build.0 = Debug|x64
		{EA9EA4FA-7C7E-4A4B-ADB0-00EB993A9911}.Debug|x86.ActiveCfg = Debug|Win32
		{EA9EA4FA-7C7E-4A4B-ADB0-00EB993A9911}.Debug|x86.Build.0 = Debug|Win32
		{EA9EA4FA-7C7E-4A4B-ADB0-00EB993A9911}.Release|x64.ActiveCfg = Release|x64
		{EA9EA4FA-7C7E-4A4B-ADB0-00EB993A9911}.Release|x64.Build.0 = Release|x64
		{EA9EA4FA-7C7E-4A4B-ADB0-00EB993A9911}.Release|x86.ActiveCfg = Release|Win32
		{EA9EA4FA-7C7E-4A4B-ADB0-00EB993A9911}.Release|x86.Build.0 = Release|Win32
	EndGlobalSection
	GlobalSection(SolutionProperties) = preSolution
		HideSolutionNode = FALSE
	EndGlobalSection
	GlobalSection(ExtensibilityGlobals) = postSolution
		SolutionGuid = {62F79775-3323-4D97-8DE9-799D6154B924}
	EndGlobalSection
EndGlobal
