
Microsoft Visual Studio Solution File, Format Version 12.00
# Visual Studio 15
VisualStudioVersion = 15.0.28307.1000
MinimumVisualStudioVersion = 10.0.40219.1
Project("{8BC9CEB8-8B4A-11D0-8D11-00A0C91BC942}") = "test_1", "test_1\test_1.vcxproj", "{70F18984-A06D-4658-9533-6BD2414A0C6D}"
EndProject
Global
	GlobalSection(SolutionConfigurationPlatforms) = preSolution
		Debug|x64 = Debug|x64
		Debug|x86 = Debug|x86
		Release|x64 = Release|x64
		Release|x86 = Release|x86
	EndGlobalSection
	GlobalSection(ProjectConfigurationPlatforms) = postSolution
		{70F18984-A06D-4658-9533-6BD2414A0C6D}.Debug|x64.ActiveCfg = Debug|x64
		{70F18984-A06D-4658-9533-6BD2414A0C6D}.Debug|x64.Build.0 = Debug|x64
		{70F18984-A06D-4658-9533-6BD2414A0C6D}.Debug|x86.ActiveCfg = Debug|Win32
		{70F18984-A06D-4658-9533-6BD2414A0C6D}.Debug|x86.Build.0 = Debug|Win32
		{70F18984-A06D-4658-9533-6BD2414A0C6D}.Release|x64.ActiveCfg = Release|x64
		{70F18984-A06D-4658-9533-6BD2414A0C6D}.Release|x64.Build.0 = Release|x64
		{70F18984-A06D-4658-9533-6BD2414A0C6D}.Release|x86.ActiveCfg = Release|Win32
		{70F18984-A06D-4658-9533-6BD2414A0C6D}.Release|x86.Build.0 = Release|Win32
	EndGlobalSection
	GlobalSection(SolutionProperties) = preSolution
		HideSolutionNode = FALSE
	EndGlobalSection
	GlobalSection(ExtensibilityGlobals) = postSolution
		SolutionGuid = {69D8233A-84D3-4DE1-AE5E-C4286D2D9204}
	EndGlobalSection
EndGlobal
