
Microsoft Visual Studio Solution File, Format Version 12.00
# Visual Studio 15
VisualStudioVersion = 15.0.28307.1000
MinimumVisualStudioVersion = 10.0.40219.1
Project("{8BC9CEB8-8B4A-11D0-8D11-00A0C91BC942}") = "lianxi31", "lianxi31\lianxi31.vcxproj", "{9FB4DC3B-E9B6-4E4D-88FE-87FC4BA551B8}"
EndProject
Global
	GlobalSection(SolutionConfigurationPlatforms) = preSolution
		Debug|x64 = Debug|x64
		Debug|x86 = Debug|x86
		Release|x64 = Release|x64
		Release|x86 = Release|x86
	EndGlobalSection
	GlobalSection(ProjectConfigurationPlatforms) = postSolution
		{9FB4DC3B-E9B6-4E4D-88FE-87FC4BA551B8}.Debug|x64.ActiveCfg = Debug|x64
		{9FB4DC3B-E9B6-4E4D-88FE-87FC4BA551B8}.Debug|x64.Build.0 = Debug|x64
		{9FB4DC3B-E9B6-4E4D-88FE-87FC4BA551B8}.Debug|x86.ActiveCfg = Debug|Win32
		{9FB4DC3B-E9B6-4E4D-88FE-87FC4BA551B8}.Debug|x86.Build.0 = Debug|Win32
		{9FB4DC3B-E9B6-4E4D-88FE-87FC4BA551B8}.Release|x64.ActiveCfg = Release|x64
		{9FB4DC3B-E9B6-4E4D-88FE-87FC4BA551B8}.Release|x64.Build.0 = Release|x64
		{9FB4DC3B-E9B6-4E4D-88FE-87FC4BA551B8}.Release|x86.ActiveCfg = Release|Win32
		{9FB4DC3B-E9B6-4E4D-88FE-87FC4BA551B8}.Release|x86.Build.0 = Release|Win32
	EndGlobalSection
	GlobalSection(SolutionProperties) = preSolution
		HideSolutionNode = FALSE
	EndGlobalSection
	GlobalSection(ExtensibilityGlobals) = postSolution
		SolutionGuid = {000FD96B-6AD7-4A60-B7DE-6300105F0862}
	EndGlobalSection
EndGlobal
